
Microsoft Visual Studio Solution File, Format Version 12.00
# Visual Studio Version 17
VisualStudioVersion = 17.14.36518.9 d17.14
MinimumVisualStudioVersion = 10.0.40219.1
Project("{FAE04EC0-301F-11D3-BF4B-00C04F79EFBC}") = "DeliveryApp", "DeliveryApp.csproj", "{53B7B12D-88C7-4BFE-91E2-4EE555BE5B88}"
EndProject
Global
	GlobalSection(SolutionConfigurationPlatforms) = preSolution
		Debug|Any CPU = Debug|Any CPU
		Release|Any CPU = Release|Any CPU
	EndGlobalSection
	GlobalSection(ProjectConfigurationPlatforms) = postSolution
		{53B7B12D-88C7-4BFE-91E2-4EE555BE5B88}.Debug|Any CPU.ActiveCfg = Debug|Any CPU
		{53B7B12D-88C7-4BFE-91E2-4EE555BE5B88}.Debug|Any CPU.Build.0 = Debug|Any CPU
		{53B7B12D-88C7-4BFE-91E2-4EE555BE5B88}.Release|Any CPU.ActiveCfg = Release|Any CPU
		{53B7B12D-88C7-4BFE-91E2-4EE555BE5B88}.Release|Any CPU.Build.0 = Release|Any CPU
	EndGlobalSection
	GlobalSection(SolutionProperties) = preSolution
		HideSolutionNode = FALSE
	EndGlobalSection
	GlobalSection(ExtensibilityGlobals) = postSolution
		SolutionGuid = {22769E37-401A-4EAB-A096-FC636A150239}
	EndGlobalSection
EndGlobal
